
Microsoft Visual Studio Solution File, Format Version 12.00
# Visual Studio Version 16
VisualStudioVersion = 16.0.31112.23
MinimumVisualStudioVersion = 10.0.40219.1
Project("{FAE04EC0-301F-11D3-BF4B-00C04F79EFBC}") = "13441egzaminasp1termin", "13441egzaminasp1termin\13441egzaminasp1termin.csproj", "{0C7F23EA-5469-4BD8-BF7C-C5F028F2F58A}"
EndProject
Global
	GlobalSection(SolutionConfigurationPlatforms) = preSolution
		Debug|Any CPU = Debug|Any CPU
		Release|Any CPU = Release|Any CPU
	EndGlobalSection
	GlobalSection(ProjectConfigurationPlatforms) = postSolution
		{0C7F23EA-5469-4BD8-BF7C-C5F028F2F58A}.Debug|Any CPU.ActiveCfg = Debug|Any CPU
		{0C7F23EA-5469-4BD8-BF7C-C5F028F2F58A}.Debug|Any CPU.Build.0 = Debug|Any CPU
		{0C7F23EA-5469-4BD8-BF7C-C5F028F2F58A}.Release|Any CPU.ActiveCfg = Release|Any CPU
		{0C7F23EA-5469-4BD8-BF7C-C5F028F2F58A}.Release|Any CPU.Build.0 = Release|Any CPU
	EndGlobalSection
	GlobalSection(SolutionProperties) = preSolution
		HideSolutionNode = FALSE
	EndGlobalSection
	GlobalSection(ExtensibilityGlobals) = postSolution
		SolutionGuid = {8D97D98A-0CE0-4BE1-8ACF-1429EBA3D9EA}
	EndGlobalSection
EndGlobal
